// !$*UTF8*$!
{
	archiveVersion = 1;
	classes = {
	};
	objectVersion = 55;
	objects = {

/* Begin PBXBuildFile section */
		A1D16CB7290397E900FFE9D0 /* Assets.xcassets in Resources */ = {isa = PBXBuildFile; fileRef = A1D16CB6290397E900FFE9D0 /* Assets.xcassets */; };
		A1D16CBA290397E900FFE9D0 /* Main.storyboard in Resources */ = {isa = PBXBuildFile; fileRef = A1D16CB8290397E900FFE9D0 /* Main.storyboard */; };
		A1D16CBC290397E900FFE9D0 /* main.m in Sources */ = {isa = PBXBuildFile; fileRef = A1D16CBB290397E900FFE9D0 /* main.m */; };
		A1D16CCC29046BA900FFE9D0 /* graphics.exe.o in Frameworks */ = {isa = PBXBuildFile; fileRef = A1D16CCB29046B9900FFE9D0 /* graphics.exe.o */; };
/* End PBXBuildFile section */

/* Begin PBXFileReference section */
		A16CA4C82904F5D6009BA67D /* GraphicView.h */ = {isa = PBXFileReference; lastKnownFileType = sourcecode.c.h; name = GraphicView.h; path = OCamlLib/GraphicView.h; sourceTree = SOURCE_ROOT; };
		A16CA4C92904F5D6009BA67D /* GraphicView.c */ = {isa = PBXFileReference; lastKnownFileType = sourcecode.c.c; name = GraphicView.c; path = OCamlLib/GraphicView.c; sourceTree = SOURCE_ROOT; };
		A1D16CAD290397E700FFE9D0 /* OCamlGraphics.app */ = {isa = PBXFileReference; explicitFileType = wrapper.application; includeInIndex = 0; path = OCamlGraphics.app; sourceTree = BUILT_PRODUCTS_DIR; };
		A1D16CB6290397E900FFE9D0 /* Assets.xcassets */ = {isa = PBXFileReference; lastKnownFileType = folder.assetcatalog; path = Assets.xcassets; sourceTree = "<group>"; };
		A1D16CB9290397E900FFE9D0 /* Base */ = {isa = PBXFileReference; lastKnownFileType = file.storyboard; name = Base; path = Base.lproj/Main.storyboard; sourceTree = "<group>"; };
		A1D16CBB290397E900FFE9D0 /* main.m */ = {isa = PBXFileReference; lastKnownFileType = sourcecode.c.objc; path = main.m; sourceTree = "<group>"; };
		A1D16CBD290397E900FFE9D0 /* OCamlGraphics.entitlements */ = {isa = PBXFileReference; lastKnownFileType = text.plist.entitlements; path = OCamlGraphics.entitlements; sourceTree = "<group>"; };
		A1D16CCB29046B9900FFE9D0 /* graphics.exe.o */ = {isa = PBXFileReference; lastKnownFileType = "compiled.mach-o.objfile"; name = graphics.exe.o; path = OCamlLib/_build/default/graphics.exe.o; sourceTree = "<group>"; };
/* End PBXFileReference section */

/* Begin PBXFrameworksBuildPhase section */
		A1D16CAA290397E700FFE9D0 /* Frameworks */ = {
			isa = PBXFrameworksBuildPhase;
			buildActionMask = 2147483647;
			files = (
				A1D16CCC29046BA900FFE9D0 /* graphics.exe.o in Frameworks */,
			);
			runOnlyForDeploymentPostprocessing = 0;
		};
/* End PBXFrameworksBuildPhase section */

/* Begin PBXGroup section */
		A1D16CA4290397E700FFE9D0 = {
			isa = PBXGroup;
			children = (
				A1D16CAF290397E700FFE9D0 /* OCamlGraphics */,
				A1D16CAE290397E700FFE9D0 /* Products */,
				A1D16CCA29046B9800FFE9D0 /* Frameworks */,
			);
			sourceTree = "<group>";
		};
		A1D16CAE290397E700FFE9D0 /* Products */ = {
			isa = PBXGroup;
			children = (
				A1D16CAD290397E700FFE9D0 /* OCamlGraphics.app */,
			);
			name = Products;
			sourceTree = "<group>";
		};
		A1D16CAF290397E700FFE9D0 /* OCamlGraphics */ = {
			isa = PBXGroup;
			children = (
				A1D16CB6290397E900FFE9D0 /* Assets.xcassets */,
				A1D16CB8290397E900FFE9D0 /* Main.storyboard */,
				A16CA4C82904F5D6009BA67D /* GraphicView.h */,
				A16CA4C92904F5D6009BA67D /* GraphicView.c */,
				A1D16CBB290397E900FFE9D0 /* main.m */,
				A1D16CBD290397E900FFE9D0 /* OCamlGraphics.entitlements */,
			);
			path = OCamlGraphics;
			sourceTree = "<group>";
		};
		A1D16CCA29046B9800FFE9D0 /* Frameworks */ = {
			isa = PBXGroup;
			children = (
				A1D16CCB29046B9900FFE9D0 /* graphics.exe.o */,
			);
			name = Frameworks;
			sourceTree = "<group>";
		};
/* End PBXGroup section */

/* Begin PBXLegacyTarget section */
		A1D16CC32903A8D600FFE9D0 /* OCamlLib */ = {
			isa = PBXLegacyTarget;
			buildArgumentsString = "$(ACTION) --warn-undefined-variables";
			buildConfigurationList = A1D16CC42903A8D600FFE9D0 /* Build configuration list for PBXLegacyTarget "OCamlLib" */;
			buildPhases = (
			);
			buildToolPath = /usr/bin/make;
			buildWorkingDirectory = "$(SRCROOT)/OCamlLib";
			dependencies = (
			);
			name = OCamlLib;
			passBuildSettingsInEnvironment = 1;
			productName = OCamlLib;
		};
/* End PBXLegacyTarget section */

/* Begin PBXNativeTarget section */
		A1D16CAC290397E700FFE9D0 /* OCamlGraphics */ = {
			isa = PBXNativeTarget;
			buildConfigurationList = A1D16CC0290397E900FFE9D0 /* Build configuration list for PBXNativeTarget "OCamlGraphics" */;
			buildPhases = (
				A1D16CA9290397E700FFE9D0 /* Sources */,
				A1D16CAA290397E700FFE9D0 /* Frameworks */,
				A1D16CAB290397E700FFE9D0 /* Resources */,
			);
			buildRules = (
			);
			dependencies = (
			);
			name = OCamlGraphics;
			productName = OCamlGraphics;
			productReference = A1D16CAD290397E700FFE9D0 /* OCamlGraphics.app */;
			productType = "com.apple.product-type.application";
		};
/* End PBXNativeTarget section */

/* Begin PBXProject section */
		A1D16CA5290397E700FFE9D0 /* Project object */ = {
			isa = PBXProject;
			attributes = {
				BuildIndependentTargetsInParallel = 1;
				LastUpgradeCheck = 1340;
				TargetAttributes = {
					A1D16CAC290397E700FFE9D0 = {
						CreatedOnToolsVersion = 13.4;
					};
					A1D16CC32903A8D600FFE9D0 = {
						CreatedOnToolsVersion = 13.4;
					};
				};
			};
			buildConfigurationList = A1D16CA8290397E700FFE9D0 /* Build configuration list for PBXProject "OCamlGraphics" */;
			compatibilityVersion = "Xcode 13.0";
			developmentRegion = en;
			hasScannedForEncodings = 0;
			knownRegions = (
				en,
				Base,
			);
			mainGroup = A1D16CA4290397E700FFE9D0;
			productRefGroup = A1D16CAE290397E700FFE9D0 /* Products */;
			projectDirPath = "";
			projectRoot = "";
			targets = (
				A1D16CAC290397E700FFE9D0 /* OCamlGraphics */,
				A1D16CC32903A8D600FFE9D0 /* OCamlLib */,
			);
		};
/* End PBXProject section */

/* Begin PBXResourcesBuildPhase section */
		A1D16CAB290397E700FFE9D0 /* Resources */ = {
			isa = PBXResourcesBuildPhase;
			buildActionMask = 2147483647;
			files = (
				A1D16CB7290397E900FFE9D0 /* Assets.xcassets in Resources */,
				A1D16CBA290397E900FFE9D0 /* Main.storyboard in Resources */,
			);
			runOnlyForDeploymentPostprocessing = 0;
		};
/* End PBXResourcesBuildPhase section */

/* Begin PBXSourcesBuildPhase section */
		A1D16CA9290397E700FFE9D0 /* Sources */ = {
			isa = PBXSourcesBuildPhase;
			buildActionMask = 2147483647;
			files = (
				A1D16CBC290397E900FFE9D0 /* main.m in Sources */,
			);
			runOnlyForDeploymentPostprocessing = 0;
		};
/* End PBXSourcesBuildPhase section */

/* Begin PBXVariantGroup section */
		A1D16CB8290397E900FFE9D0 /* Main.storyboard */ = {
			isa = PBXVariantGroup;
			children = (
				A1D16CB9290397E900FFE9D0 /* Base */,
			);
			name = Main.storyboard;
			sourceTree = "<group>";
		};
/* End PBXVariantGroup section */

/* Begin XCBuildConfiguration section */
		A1D16CBE290397E900FFE9D0 /* Debug */ = {
			isa = XCBuildConfiguration;
			buildSettings = {
				ALWAYS_SEARCH_USER_PATHS = NO;
				CLANG_ANALYZER_NONNULL = YES;
				CLANG_ANALYZER_NUMBER_OBJECT_CONVERSION = YES_AGGRESSIVE;
				CLANG_CXX_LANGUAGE_STANDARD = "gnu++17";
				CLANG_ENABLE_MODULES = YES;
				CLANG_ENABLE_OBJC_ARC = YES;
				CLANG_ENABLE_OBJC_WEAK = YES;
				CLANG_WARN_BLOCK_CAPTURE_AUTORELEASING = YES;
				CLANG_WARN_BOOL_CONVERSION = YES;
				CLANG_WARN_COMMA = YES;
				CLANG_WARN_CONSTANT_CONVERSION = YES;
				CLANG_WARN_DEPRECATED_OBJC_IMPLEMENTATIONS = YES;
				CLANG_WARN_DIRECT_OBJC_ISA_USAGE = YES_ERROR;
				CLANG_WARN_DOCUMENTATION_COMMENTS = YES;
				CLANG_WARN_EMPTY_BODY = YES;
				CLANG_WARN_ENUM_CONVERSION = YES;
				CLANG_WARN_INFINITE_RECURSION = YES;
				CLANG_WARN_INT_CONVERSION = YES;
				CLANG_WARN_NON_LITERAL_NULL_CONVERSION = YES;
				CLANG_WARN_OBJC_IMPLICIT_RETAIN_SELF = YES;
				CLANG_WARN_OBJC_LITERAL_CONVERSION = YES;
				CLANG_WARN_OBJC_ROOT_CLASS = YES_ERROR;
				CLANG_WARN_QUOTED_INCLUDE_IN_FRAMEWORK_HEADER = YES;
				CLANG_WARN_RANGE_LOOP_ANALYSIS = YES;
				CLANG_WARN_STRICT_PROTOTYPES = YES;
				CLANG_WARN_SUSPICIOUS_MOVE = YES;
				CLANG_WARN_UNGUARDED_AVAILABILITY = YES_AGGRESSIVE;
				CLANG_WARN_UNREACHABLE_CODE = YES;
				CLANG_WARN__DUPLICATE_METHOD_MATCH = YES;
				COPY_PHASE_STRIP = NO;
				DEBUG_INFORMATION_FORMAT = dwarf;
				ENABLE_STRICT_OBJC_MSGSEND = YES;
				ENABLE_TESTABILITY = YES;
				GCC_C_LANGUAGE_STANDARD = gnu11;
				GCC_DYNAMIC_NO_PIC = NO;
				GCC_NO_COMMON_BLOCKS = YES;
				GCC_OPTIMIZATION_LEVEL = 0;
				GCC_PREPROCESSOR_DEFINITIONS = (
					"DEBUG=1",
					"$(inherited)",
				);
				GCC_WARN_64_TO_32_BIT_CONVERSION = YES;
				GCC_WARN_ABOUT_RETURN_TYPE = YES_ERROR;
				GCC_WARN_UNDECLARED_SELECTOR = YES;
				GCC_WARN_UNINITIALIZED_AUTOS = YES_AGGRESSIVE;
				GCC_WARN_UNUSED_FUNCTION = YES;
				GCC_WARN_UNUSED_VARIABLE = YES;
				MACOSX_DEPLOYMENT_TARGET = 12.3;
				MTL_ENABLE_DEBUG_INFO = INCLUDE_SOURCE;
				MTL_FAST_MATH = YES;
				ONLY_ACTIVE_ARCH = YES;
				SDKROOT = macosx;
			};
			name = Debug;
		};
		A1D16CBF290397E900FFE9D0 /* Release */ = {
			isa = XCBuildConfiguration;
			buildSettings = {
				ALWAYS_SEARCH_USER_PATHS = NO;
				CLANG_ANALYZER_NONNULL = YES;
				CLANG_ANALYZER_NUMBER_OBJECT_CONVERSION = YES_AGGRESSIVE;
				CLANG_CXX_LANGUAGE_STANDARD = "gnu++17";
				CLANG_ENABLE_MODULES = YES;
				CLANG_ENABLE_OBJC_ARC = YES;
				CLANG_ENABLE_OBJC_WEAK = YES;
				CLANG_WARN_BLOCK_CAPTURE_AUTORELEASING = YES;
				CLANG_WARN_BOOL_CONVERSION = YES;
				CLANG_WARN_COMMA = YES;
				CLANG_WARN_CONSTANT_CONVERSION = YES;
				CLANG_WARN_DEPRECATED_OBJC_IMPLEMENTATIONS = YES;
				CLANG_WARN_DIRECT_OBJC_ISA_USAGE = YES_ERROR;
				CLANG_WARN_DOCUMENTATION_COMMENTS = YES;
				CLANG_WARN_EMPTY_BODY = YES;
				CLANG_WARN_ENUM_CONVERSION = YES;
				CLANG_WARN_INFINITE_RECURSION = YES;
				CLANG_WARN_INT_CONVERSION = YES;
				CLANG_WARN_NON_LITERAL_NULL_CONVERSION = YES;
				CLANG_WARN_OBJC_IMPLICIT_RETAIN_SELF = YES;
				CLANG_WARN_OBJC_LITERAL_CONVERSION = YES;
				CLANG_WARN_OBJC_ROOT_CLASS = YES_ERROR;
				CLANG_WARN_QUOTED_INCLUDE_IN_FRAMEWORK_HEADER = YES;
				CLANG_WARN_RANGE_LOOP_ANALYSIS = YES;
				CLANG_WARN_STRICT_PROTOTYPES = YES;
				CLANG_WARN_SUSPICIOUS_MOVE = YES;
				CLANG_WARN_UNGUARDED_AVAILABILITY = YES_AGGRESSIVE;
				CLANG_WARN_UNREACHABLE_CODE = YES;
				CLANG_WARN__DUPLICATE_METHOD_MATCH = YES;
				COPY_PHASE_STRIP = NO;
				DEBUG_INFORMATION_FORMAT = "dwarf-with-dsym";
				ENABLE_NS_ASSERTIONS = NO;
				ENABLE_STRICT_OBJC_MSGSEND = YES;
				GCC_C_LANGUAGE_STANDARD = gnu11;
				GCC_NO_COMMON_BLOCKS = YES;
				GCC_WARN_64_TO_32_BIT_CONVERSION = YES;
				GCC_WARN_ABOUT_RETURN_TYPE = YES_ERROR;
				GCC_WARN_UNDECLARED_SELECTOR = YES;
				GCC_WARN_UNINITIALIZED_AUTOS = YES_AGGRESSIVE;
				GCC_WARN_UNUSED_FUNCTION = YES;
				GCC_WARN_UNUSED_VARIABLE = YES;
				MACOSX_DEPLOYMENT_TARGET = 12.3;
				MTL_ENABLE_DEBUG_INFO = NO;
				MTL_FAST_MATH = YES;
				SDKROOT = macosx;
			};
			name = Release;
		};
		A1D16CC1290397E900FFE9D0 /* Debug */ = {
			isa = XCBuildConfiguration;
			buildSettings = {
				ASSETCATALOG_COMPILER_APPICON_NAME = AppIcon;
				ASSETCATALOG_COMPILER_GLOBAL_ACCENT_COLOR_NAME = AccentColor;
				CODE_SIGN_ENTITLEMENTS = OCamlGraphics/OCamlGraphics.entitlements;
				CODE_SIGN_STYLE = Automatic;
				COMBINE_HIDPI_IMAGES = YES;
				CURRENT_PROJECT_VERSION = 1;
				DEVELOPMENT_TEAM = JTJMWWNW66;
				ENABLE_HARDENED_RUNTIME = YES;
				GENERATE_INFOPLIST_FILE = YES;
				INFOPLIST_KEY_NSHumanReadableCopyright = "";
				INFOPLIST_KEY_NSMainStoryboardFile = Main;
				INFOPLIST_KEY_NSPrincipalClass = NSApplication;
				LD_RUNPATH_SEARCH_PATHS = (
					"$(inherited)",
					"@executable_path/../Frameworks",
				);
				MARKETING_VERSION = 1.0;
				PRODUCT_BUNDLE_IDENTIFIER = io.github.dboris.OCamlGraphics;
				PRODUCT_NAME = "$(TARGET_NAME)";
				SWIFT_EMIT_LOC_STRINGS = YES;
			};
			name = Debug;
		};
		A1D16CC2290397E900FFE9D0 /* Release */ = {
			isa = XCBuildConfiguration;
			buildSettings = {
				ASSETCATALOG_COMPILER_APPICON_NAME = AppIcon;
				ASSETCATALOG_COMPILER_GLOBAL_ACCENT_COLOR_NAME = AccentColor;
				CODE_SIGN_ENTITLEMENTS = OCamlGraphics/OCamlGraphics.entitlements;
				CODE_SIGN_STYLE = Automatic;
				COMBINE_HIDPI_IMAGES = YES;
				CURRENT_PROJECT_VERSION = 1;
				DEVELOPMENT_TEAM = JTJMWWNW66;
				ENABLE_HARDENED_RUNTIME = YES;
				GENERATE_INFOPLIST_FILE = YES;
				INFOPLIST_KEY_NSHumanReadableCopyright = "";
				INFOPLIST_KEY_NSMainStoryboardFile = Main;
				INFOPLIST_KEY_NSPrincipalClass = NSApplication;
				LD_RUNPATH_SEARCH_PATHS = (
					"$(inherited)",
					"@executable_path/../Frameworks",
				);
				MARKETING_VERSION = 1.0;
				PRODUCT_BUNDLE_IDENTIFIER = io.github.dboris.OCamlGraphics;
				PRODUCT_NAME = "$(TARGET_NAME)";
				SWIFT_EMIT_LOC_STRINGS = YES;
			};
			name = Release;
		};
		A1D16CC52903A8D600FFE9D0 /* Debug */ = {
			isa = XCBuildConfiguration;
			buildSettings = {
				CODE_SIGN_STYLE = Automatic;
				DEBUGGING_SYMBOLS = YES;
				DEBUG_INFORMATION_FORMAT = dwarf;
				DEVELOPMENT_TEAM = JTJMWWNW66;
				GCC_GENERATE_DEBUGGING_SYMBOLS = YES;
				GCC_OPTIMIZATION_LEVEL = 0;
				OTHER_CFLAGS = "";
				OTHER_LDFLAGS = "";
				PRODUCT_NAME = graphics.o;
			};
			name = Debug;
		};
		A1D16CC62903A8D600FFE9D0 /* Release */ = {
			isa = XCBuildConfiguration;
			buildSettings = {
				CODE_SIGN_STYLE = Automatic;
				DEBUG_INFORMATION_FORMAT = "dwarf-with-dsym";
				DEVELOPMENT_TEAM = JTJMWWNW66;
				OTHER_CFLAGS = "";
				OTHER_LDFLAGS = "";
				PRODUCT_NAME = graphics.o;
			};
			name = Release;
		};
/* End XCBuildConfiguration section */

/* Begin XCConfigurationList section */
		A1D16CA8290397E700FFE9D0 /* Build configuration list for PBXProject "OCamlGraphics" */ = {
			isa = XCConfigurationList;
			buildConfigurations = (
				A1D16CBE290397E900FFE9D0 /* Debug */,
				A1D16CBF290397E900FFE9D0 /* Release */,
			);
			defaultConfigurationIsVisible = 0;
			defaultConfigurationName = Release;
		};
		A1D16CC0290397E900FFE9D0 /* Build configuration list for PBXNativeTarget "OCamlGraphics" */ = {
			isa = XCConfigurationList;
			buildConfigurations = (
				A1D16CC1290397E900FFE9D0 /* Debug */,
				A1D16CC2290397E900FFE9D0 /* Release */,
			);
			defaultConfigurationIsVisible = 0;
			defaultConfigurationName = Release;
		};
		A1D16CC42903A8D600FFE9D0 /* Build configuration list for PBXLegacyTarget "OCamlLib" */ = {
			isa = XCConfigurationList;
			buildConfigurations = (
				A1D16CC52903A8D600FFE9D0 /* Debug */,
				A1D16CC62903A8D600FFE9D0 /* Release */,
			);
			defaultConfigurationIsVisible = 0;
			defaultConfigurationName = Release;
		};
/* End XCConfigurationList section */
	};
	rootObject = A1D16CA5290397E700FFE9D0 /* Project object */;
}
